// !$*UTF8*$!
{
	archiveVersion = 1;
	classes = {
	};
	objectVersion = 55;
	objects = {

/* Begin PBXBuildFile section */
		D5F67D582795CC5F004BEF9C /* GoogleService-Info.plist in Resources */ = {isa = PBXBuildFile; fileRef = D5F67D572795CC5F004BEF9C /* GoogleService-Info.plist */; };
		D5F67D5B2795CD72004BEF9C /* FirebaseAnalytics in Frameworks */ = {isa = PBXBuildFile; productRef = D5F67D5A2795CD72004BEF9C /* FirebaseAnalytics */; };
		D5F67D5D2795CD72004BEF9C /* FirebaseAnalyticsSwift-Beta in Frameworks */ = {isa = PBXBuildFile; productRef = D5F67D5C2795CD72004BEF9C /* FirebaseAnalyticsSwift-Beta */; };
		D5F67D5F2795CD72004BEF9C /* FirebaseAuth in Frameworks */ = {isa = PBXBuildFile; productRef = D5F67D5E2795CD72004BEF9C /* FirebaseAuth */; };
		D5F67D612795CD72004BEF9C /* FirebaseAuthCombine-Community in Frameworks */ = {isa = PBXBuildFile; productRef = D5F67D602795CD72004BEF9C /* FirebaseAuthCombine-Community */; };
		D5F67D632795CD72004BEF9C /* FirebaseDatabase in Frameworks */ = {isa = PBXBuildFile; productRef = D5F67D622795CD72004BEF9C /* FirebaseDatabase */; };
		D5F67D652795CD72004BEF9C /* FirebaseDatabaseSwift-Beta in Frameworks */ = {isa = PBXBuildFile; productRef = D5F67D642795CD72004BEF9C /* FirebaseDatabaseSwift-Beta */; };
		D5F67D672795CD72004BEF9C /* FirebaseDynamicLinks in Frameworks */ = {isa = PBXBuildFile; productRef = D5F67D662795CD72004BEF9C /* FirebaseDynamicLinks */; };
		D5F67D692795CD72004BEF9C /* FirebaseFirestore in Frameworks */ = {isa = PBXBuildFile; productRef = D5F67D682795CD72004BEF9C /* FirebaseFirestore */; };
		D5F67D6B2795CD72004BEF9C /* FirebaseFirestoreCombine-Community in Frameworks */ = {isa = PBXBuildFile; productRef = D5F67D6A2795CD72004BEF9C /* FirebaseFirestoreCombine-Community */; };
		D5F67D6D2795CD72004BEF9C /* FirebaseFirestoreSwift-Beta in Frameworks */ = {isa = PBXBuildFile; productRef = D5F67D6C2795CD72004BEF9C /* FirebaseFirestoreSwift-Beta */; };
		D5F67D6F2795CD72004BEF9C /* FirebaseStorage in Frameworks */ = {isa = PBXBuildFile; productRef = D5F67D6E2795CD72004BEF9C /* FirebaseStorage */; };
		D5F67D712795CD72004BEF9C /* FirebaseStorageCombine-Community in Frameworks */ = {isa = PBXBuildFile; productRef = D5F67D702795CD72004BEF9C /* FirebaseStorageCombine-Community */; };
		D5F67D732795CD72004BEF9C /* FirebaseStorageSwift-Beta in Frameworks */ = {isa = PBXBuildFile; productRef = D5F67D722795CD72004BEF9C /* FirebaseStorageSwift-Beta */; };
		FA2B91E7275D237900C57750 /* SignInWithAppleViewModel.swift in Sources */ = {isa = PBXBuildFile; fileRef = FA2B91E6275D237900C57750 /* SignInWithAppleViewModel.swift */; };
		FA2B91E9275D285A00C57750 /* Keychain.swift in Sources */ = {isa = PBXBuildFile; fileRef = FA2B91E8275D285A00C57750 /* Keychain.swift */; };
		FA2B91ED275D43C700C57750 /* MainView.swift in Sources */ = {isa = PBXBuildFile; fileRef = FA2B91EC275D43C700C57750 /* MainView.swift */; };
		FA3A38FD275D4E2200615753 /* Home.swift in Sources */ = {isa = PBXBuildFile; fileRef = FA3A38FC275D4E2200615753 /* Home.swift */; };
		FA3A38FF275D4F5300615753 /* Profile.swift in Sources */ = {isa = PBXBuildFile; fileRef = FA3A38FE275D4F5300615753 /* Profile.swift */; };
		FA3A3901275D563700615753 /* OnboardingPage.swift in Sources */ = {isa = PBXBuildFile; fileRef = FA3A3900275D563700615753 /* OnboardingPage.swift */; };
		FA3A3903275D61D000615753 /* NewLogin.swift in Sources */ = {isa = PBXBuildFile; fileRef = FA3A3902275D61D000615753 /* NewLogin.swift */; };
		FA3A3905275D61E800615753 /* LoginPageModel.swift in Sources */ = {isa = PBXBuildFile; fileRef = FA3A3904275D61E800615753 /* LoginPageModel.swift */; };
		FA3A3907275D63FF00615753 /* CustomCorners.swift in Sources */ = {isa = PBXBuildFile; fileRef = FA3A3906275D63FF00615753 /* CustomCorners.swift */; };
		FA83B33F2765678F00641B0C /* HomeViewButton.swift in Sources */ = {isa = PBXBuildFile; fileRef = FA83B33E2765678F00641B0C /* HomeViewButton.swift */; };
		FA8582502762E30200E96EE8 /* HomeViewHeader.swift in Sources */ = {isa = PBXBuildFile; fileRef = FA85824F2762E30200E96EE8 /* HomeViewHeader.swift */; };
		FA938F97275BCFB400305270 /* Model.swift in Sources */ = {isa = PBXBuildFile; fileRef = FA938F96275BCFB400305270 /* Model.swift */; };
		FAC03F44274D823B00B7C78E /* TripCalculatorApp.swift in Sources */ = {isa = PBXBuildFile; fileRef = FAC03F43274D823B00B7C78E /* TripCalculatorApp.swift */; };
		FAC03F46274D823B00B7C78E /* ContentView.swift in Sources */ = {isa = PBXBuildFile; fileRef = FAC03F45274D823B00B7C78E /* ContentView.swift */; };
		FAC03F48274D823C00B7C78E /* Assets.xcassets in Resources */ = {isa = PBXBuildFile; fileRef = FAC03F47274D823C00B7C78E /* Assets.xcassets */; };
		FAC03F4B274D823C00B7C78E /* Preview Assets.xcassets in Resources */ = {isa = PBXBuildFile; fileRef = FAC03F4A274D823C00B7C78E /* Preview Assets.xcassets */; };
		FAC17F6C275BC52600D33594 /* SignInWithAppleButton.swift in Sources */ = {isa = PBXBuildFile; fileRef = FAC17F6B275BC52600D33594 /* SignInWithAppleButton.swift */; };
/* End PBXBuildFile section */

/* Begin PBXFileReference section */
		D5F67D572795CC5F004BEF9C /* GoogleService-Info.plist */ = {isa = PBXFileReference; fileEncoding = 4; lastKnownFileType = text.plist.xml; path = "GoogleService-Info.plist"; sourceTree = "<group>"; };
		FA2B91E6275D237900C57750 /* SignInWithAppleViewModel.swift */ = {isa = PBXFileReference; lastKnownFileType = sourcecode.swift; path = SignInWithAppleViewModel.swift; sourceTree = "<group>"; };
		FA2B91E8275D285A00C57750 /* Keychain.swift */ = {isa = PBXFileReference; lastKnownFileType = sourcecode.swift; path = Keychain.swift; sourceTree = "<group>"; };
		FA2B91EC275D43C700C57750 /* MainView.swift */ = {isa = PBXFileReference; lastKnownFileType = sourcecode.swift; path = MainView.swift; sourceTree = "<group>"; };
		FA3A38FC275D4E2200615753 /* Home.swift */ = {isa = PBXFileReference; lastKnownFileType = sourcecode.swift; path = Home.swift; sourceTree = "<group>"; };
		FA3A38FE275D4F5300615753 /* Profile.swift */ = {isa = PBXFileReference; lastKnownFileType = sourcecode.swift; path = Profile.swift; sourceTree = "<group>"; };
		FA3A3900275D563700615753 /* OnboardingPage.swift */ = {isa = PBXFileReference; lastKnownFileType = sourcecode.swift; path = OnboardingPage.swift; sourceTree = "<group>"; };
		FA3A3902275D61D000615753 /* NewLogin.swift */ = {isa = PBXFileReference; lastKnownFileType = sourcecode.swift; path = NewLogin.swift; sourceTree = "<group>"; };
		FA3A3904275D61E800615753 /* LoginPageModel.swift */ = {isa = PBXFileReference; lastKnownFileType = sourcecode.swift; path = LoginPageModel.swift; sourceTree = "<group>"; };
		FA3A3906275D63FF00615753 /* CustomCorners.swift */ = {isa = PBXFileReference; lastKnownFileType = sourcecode.swift; path = CustomCorners.swift; sourceTree = "<group>"; };
		FA83B33E2765678F00641B0C /* HomeViewButton.swift */ = {isa = PBXFileReference; lastKnownFileType = sourcecode.swift; path = HomeViewButton.swift; sourceTree = "<group>"; };
		FA85824F2762E30200E96EE8 /* HomeViewHeader.swift */ = {isa = PBXFileReference; lastKnownFileType = sourcecode.swift; path = HomeViewHeader.swift; sourceTree = "<group>"; };
		FA938F96275BCFB400305270 /* Model.swift */ = {isa = PBXFileReference; lastKnownFileType = sourcecode.swift; path = Model.swift; sourceTree = "<group>"; };
		FAA75F06275D94FD00168C20 /* Info.plist */ = {isa = PBXFileReference; lastKnownFileType = text.plist; path = Info.plist; sourceTree = "<group>"; };
		FAC03F40274D823B00B7C78E /* TripCalculator.app */ = {isa = PBXFileReference; explicitFileType = wrapper.application; includeInIndex = 0; path = TripCalculator.app; sourceTree = BUILT_PRODUCTS_DIR; };
		FAC03F43274D823B00B7C78E /* TripCalculatorApp.swift */ = {isa = PBXFileReference; lastKnownFileType = sourcecode.swift; path = TripCalculatorApp.swift; sourceTree = "<group>"; };
		FAC03F45274D823B00B7C78E /* ContentView.swift */ = {isa = PBXFileReference; lastKnownFileType = sourcecode.swift; path = ContentView.swift; sourceTree = "<group>"; };
		FAC03F47274D823C00B7C78E /* Assets.xcassets */ = {isa = PBXFileReference; lastKnownFileType = folder.assetcatalog; path = Assets.xcassets; sourceTree = "<group>"; };
		FAC03F4A274D823C00B7C78E /* Preview Assets.xcassets */ = {isa = PBXFileReference; lastKnownFileType = folder.assetcatalog; path = "Preview Assets.xcassets"; sourceTree = "<group>"; };
		FAC17F6A275BC4DD00D33594 /* TripCalculator.entitlements */ = {isa = PBXFileReference; lastKnownFileType = text.plist.entitlements; path = TripCalculator.entitlements; sourceTree = "<group>"; };
		FAC17F6B275BC52600D33594 /* SignInWithAppleButton.swift */ = {isa = PBXFileReference; lastKnownFileType = sourcecode.swift; path = SignInWithAppleButton.swift; sourceTree = "<group>"; };
/* End PBXFileReference section */

/* Begin PBXFrameworksBuildPhase section */
		FAC03F3D274D823B00B7C78E /* Frameworks */ = {
			isa = PBXFrameworksBuildPhase;
			buildActionMask = 2147483647;
			files = (
				D5F67D652795CD72004BEF9C /* FirebaseDatabaseSwift-Beta in Frameworks */,
				D5F67D632795CD72004BEF9C /* FirebaseDatabase in Frameworks */,
				D5F67D5D2795CD72004BEF9C /* FirebaseAnalyticsSwift-Beta in Frameworks */,
				D5F67D6B2795CD72004BEF9C /* FirebaseFirestoreCombine-Community in Frameworks */,
				D5F67D5F2795CD72004BEF9C /* FirebaseAuth in Frameworks */,
				D5F67D5B2795CD72004BEF9C /* FirebaseAnalytics in Frameworks */,
				D5F67D692795CD72004BEF9C /* FirebaseFirestore in Frameworks */,
				D5F67D732795CD72004BEF9C /* FirebaseStorageSwift-Beta in Frameworks */,
				D5F67D6D2795CD72004BEF9C /* FirebaseFirestoreSwift-Beta in Frameworks */,
				D5F67D6F2795CD72004BEF9C /* FirebaseStorage in Frameworks */,
				D5F67D672795CD72004BEF9C /* FirebaseDynamicLinks in Frameworks */,
				D5F67D712795CD72004BEF9C /* FirebaseStorageCombine-Community in Frameworks */,
				D5F67D612795CD72004BEF9C /* FirebaseAuthCombine-Community in Frameworks */,
			);
			runOnlyForDeploymentPostprocessing = 0;
		};
/* End PBXFrameworksBuildPhase section */

/* Begin PBXGroup section */
		FA2B91EA275D42C700C57750 /* Views */ = {
			isa = PBXGroup;
			children = (
				FA3A38FB275D4E0700615753 /* TabViews */,
				FA2B91EC275D43C700C57750 /* MainView.swift */,
				FA85824F2762E30200E96EE8 /* HomeViewHeader.swift */,
				FA83B33E2765678F00641B0C /* HomeViewButton.swift */,
				FA3A3902275D61D000615753 /* NewLogin.swift */,
				FA3A3906275D63FF00615753 /* CustomCorners.swift */,
				FAC17F6B275BC52600D33594 /* SignInWithAppleButton.swift */,
				FA3A3900275D563700615753 /* OnboardingPage.swift */,
			);
			path = Views;
			sourceTree = "<group>";
		};
		FA2B91EB275D42E900C57750 /* Models */ = {
			isa = PBXGroup;
			children = (
				FA2B91E6275D237900C57750 /* SignInWithAppleViewModel.swift */,
				FA2B91E8275D285A00C57750 /* Keychain.swift */,
				FA938F96275BCFB400305270 /* Model.swift */,
				FA3A3904275D61E800615753 /* LoginPageModel.swift */,
			);
			path = Models;
			sourceTree = "<group>";
		};
		FA3A38FB275D4E0700615753 /* TabViews */ = {
			isa = PBXGroup;
			children = (
				FA3A38FC275D4E2200615753 /* Home.swift */,
				FA3A38FE275D4F5300615753 /* Profile.swift */,
			);
			path = TabViews;
			sourceTree = "<group>";
		};
		FAC03F37274D823B00B7C78E = {
			isa = PBXGroup;
			children = (
				FAC03F42274D823B00B7C78E /* TripCalculator */,
				FAC03F41274D823B00B7C78E /* Products */,
			);
			sourceTree = "<group>";
		};
		FAC03F41274D823B00B7C78E /* Products */ = {
			isa = PBXGroup;
			children = (
				FAC03F40274D823B00B7C78E /* TripCalculator.app */,
			);
			name = Products;
			sourceTree = "<group>";
		};
		FAC03F42274D823B00B7C78E /* TripCalculator */ = {
			isa = PBXGroup;
			children = (
				FAA75F06275D94FD00168C20 /* Info.plist */,
				D5F67D572795CC5F004BEF9C /* GoogleService-Info.plist */,
				FAC17F6A275BC4DD00D33594 /* TripCalculator.entitlements */,
				FAC03F43274D823B00B7C78E /* TripCalculatorApp.swift */,
				FAC03F45274D823B00B7C78E /* ContentView.swift */,
				FA2B91EA275D42C700C57750 /* Views */,
				FA2B91EB275D42E900C57750 /* Models */,
				FAC03F47274D823C00B7C78E /* Assets.xcassets */,
				FAC03F49274D823C00B7C78E /* Preview Content */,
			);
			path = TripCalculator;
			sourceTree = "<group>";
		};
		FAC03F49274D823C00B7C78E /* Preview Content */ = {
			isa = PBXGroup;
			children = (
				FAC03F4A274D823C00B7C78E /* Preview Assets.xcassets */,
			);
			path = "Preview Content";
			sourceTree = "<group>";
		};
/* End PBXGroup section */

/* Begin PBXNativeTarget section */
		FAC03F3F274D823B00B7C78E /* TripCalculator */ = {
			isa = PBXNativeTarget;
			buildConfigurationList = FAC03F4E274D823C00B7C78E /* Build configuration list for PBXNativeTarget "TripCalculator" */;
			buildPhases = (
				FAC03F3C274D823B00B7C78E /* Sources */,
				FAC03F3D274D823B00B7C78E /* Frameworks */,
				FAC03F3E274D823B00B7C78E /* Resources */,
			);
			buildRules = (
			);
			dependencies = (
			);
			name = TripCalculator;
			packageProductDependencies = (
				D5F67D5A2795CD72004BEF9C /* FirebaseAnalytics */,
				D5F67D5C2795CD72004BEF9C /* FirebaseAnalyticsSwift-Beta */,
				D5F67D5E2795CD72004BEF9C /* FirebaseAuth */,
				D5F67D602795CD72004BEF9C /* FirebaseAuthCombine-Community */,
				D5F67D622795CD72004BEF9C /* FirebaseDatabase */,
				D5F67D642795CD72004BEF9C /* FirebaseDatabaseSwift-Beta */,
				D5F67D662795CD72004BEF9C /* FirebaseDynamicLinks */,
				D5F67D682795CD72004BEF9C /* FirebaseFirestore */,
				D5F67D6A2795CD72004BEF9C /* FirebaseFirestoreCombine-Community */,
				D5F67D6C2795CD72004BEF9C /* FirebaseFirestoreSwift-Beta */,
				D5F67D6E2795CD72004BEF9C /* FirebaseStorage */,
				D5F67D702795CD72004BEF9C /* FirebaseStorageCombine-Community */,
				D5F67D722795CD72004BEF9C /* FirebaseStorageSwift-Beta */,
			);
			productName = TripCalculator;
			productReference = FAC03F40274D823B00B7C78E /* TripCalculator.app */;
			productType = "com.apple.product-type.application";
		};
/* End PBXNativeTarget section */

/* Begin PBXProject section */
		FAC03F38274D823B00B7C78E /* Project object */ = {
			isa = PBXProject;
			attributes = {
				BuildIndependentTargetsInParallel = 1;
				LastSwiftUpdateCheck = 1310;
				LastUpgradeCheck = 1310;
				TargetAttributes = {
					FAC03F3F274D823B00B7C78E = {
						CreatedOnToolsVersion = 13.1;
					};
				};
			};
			buildConfigurationList = FAC03F3B274D823B00B7C78E /* Build configuration list for PBXProject "TripCalculator" */;
			compatibilityVersion = "Xcode 13.0";
			developmentRegion = en;
			hasScannedForEncodings = 0;
			knownRegions = (
				en,
				Base,
			);
			mainGroup = FAC03F37274D823B00B7C78E;
			packageReferences = (
				D5F67D592795CD72004BEF9C /* XCRemoteSwiftPackageReference "firebase-ios-sdk" */,
			);
			productRefGroup = FAC03F41274D823B00B7C78E /* Products */;
			projectDirPath = "";
			projectRoot = "";
			targets = (
				FAC03F3F274D823B00B7C78E /* TripCalculator */,
			);
		};
/* End PBXProject section */

/* Begin PBXResourcesBuildPhase section */
		FAC03F3E274D823B00B7C78E /* Resources */ = {
			isa = PBXResourcesBuildPhase;
			buildActionMask = 2147483647;
			files = (
				FAC03F4B274D823C00B7C78E /* Preview Assets.xcassets in Resources */,
				FAC03F48274D823C00B7C78E /* Assets.xcassets in Resources */,
				D5F67D582795CC5F004BEF9C /* GoogleService-Info.plist in Resources */,
			);
			runOnlyForDeploymentPostprocessing = 0;
		};
/* End PBXResourcesBuildPhase section */

/* Begin PBXSourcesBuildPhase section */
		FAC03F3C274D823B00B7C78E /* Sources */ = {
			isa = PBXSourcesBuildPhase;
			buildActionMask = 2147483647;
			files = (
				FA3A3903275D61D000615753 /* NewLogin.swift in Sources */,
				FA8582502762E30200E96EE8 /* HomeViewHeader.swift in Sources */,
				FAC03F46274D823B00B7C78E /* ContentView.swift in Sources */,
				FA3A38FF275D4F5300615753 /* Profile.swift in Sources */,
				FA3A3901275D563700615753 /* OnboardingPage.swift in Sources */,
				FA3A3907275D63FF00615753 /* CustomCorners.swift in Sources */,
				FA3A38FD275D4E2200615753 /* Home.swift in Sources */,
				FA2B91ED275D43C700C57750 /* MainView.swift in Sources */,
				FAC03F44274D823B00B7C78E /* TripCalculatorApp.swift in Sources */,
				FAC17F6C275BC52600D33594 /* SignInWithAppleButton.swift in Sources */,
				FA3A3905275D61E800615753 /* LoginPageModel.swift in Sources */,
				FA938F97275BCFB400305270 /* Model.swift in Sources */,
				FA2B91E7275D237900C57750 /* SignInWithAppleViewModel.swift in Sources */,
				FA2B91E9275D285A00C57750 /* Keychain.swift in Sources */,
				FA83B33F2765678F00641B0C /* HomeViewButton.swift in Sources */,
			);
			runOnlyForDeploymentPostprocessing = 0;
		};
/* End PBXSourcesBuildPhase section */

/* Begin XCBuildConfiguration section */
		FAC03F4C274D823C00B7C78E /* Debug */ = {
			isa = XCBuildConfiguration;
			buildSettings = {
				ALWAYS_SEARCH_USER_PATHS = NO;
				CLANG_ANALYZER_NONNULL = YES;
				CLANG_ANALYZER_NUMBER_OBJECT_CONVERSION = YES_AGGRESSIVE;
				CLANG_CXX_LANGUAGE_STANDARD = "gnu++17";
				CLANG_CXX_LIBRARY = "libc++";
				CLANG_ENABLE_MODULES = YES;
				CLANG_ENABLE_OBJC_ARC = YES;
				CLANG_ENABLE_OBJC_WEAK = YES;
				CLANG_WARN_BLOCK_CAPTURE_AUTORELEASING = YES;
				CLANG_WARN_BOOL_CONVERSION = YES;
				CLANG_WARN_COMMA = YES;
				CLANG_WARN_CONSTANT_CONVERSION = YES;
				CLANG_WARN_DEPRECATED_OBJC_IMPLEMENTATIONS = YES;
				CLANG_WARN_DIRECT_OBJC_ISA_USAGE = YES_ERROR;
				CLANG_WARN_DOCUMENTATION_COMMENTS = YES;
				CLANG_WARN_EMPTY_BODY = YES;
				CLANG_WARN_ENUM_CONVERSION = YES;
				CLANG_WARN_INFINITE_RECURSION = YES;
				CLANG_WARN_INT_CONVERSION = YES;
				CLANG_WARN_NON_LITERAL_NULL_CONVERSION = YES;
				CLANG_WARN_OBJC_IMPLICIT_RETAIN_SELF = YES;
				CLANG_WARN_OBJC_LITERAL_CONVERSION = YES;
				CLANG_WARN_OBJC_ROOT_CLASS = YES_ERROR;
				CLANG_WARN_QUOTED_INCLUDE_IN_FRAMEWORK_HEADER = YES;
				CLANG_WARN_RANGE_LOOP_ANALYSIS = YES;
				CLANG_WARN_STRICT_PROTOTYPES = YES;
				CLANG_WARN_SUSPICIOUS_MOVE = YES;
				CLANG_WARN_UNGUARDED_AVAILABILITY = YES_AGGRESSIVE;
				CLANG_WARN_UNREACHABLE_CODE = YES;
				CLANG_WARN__DUPLICATE_METHOD_MATCH = YES;
				COPY_PHASE_STRIP = NO;
				DEBUG_INFORMATION_FORMAT = dwarf;
				ENABLE_STRICT_OBJC_MSGSEND = YES;
				ENABLE_TESTABILITY = YES;
				GCC_C_LANGUAGE_STANDARD = gnu11;
				GCC_DYNAMIC_NO_PIC = NO;
				GCC_NO_COMMON_BLOCKS = YES;
				GCC_OPTIMIZATION_LEVEL = 0;
				GCC_PREPROCESSOR_DEFINITIONS = (
					"DEBUG=1",
					"$(inherited)",
				);
				GCC_WARN_64_TO_32_BIT_CONVERSION = YES;
				GCC_WARN_ABOUT_RETURN_TYPE = YES_ERROR;
				GCC_WARN_UNDECLARED_SELECTOR = YES;
				GCC_WARN_UNINITIALIZED_AUTOS = YES_AGGRESSIVE;
				GCC_WARN_UNUSED_FUNCTION = YES;
				GCC_WARN_UNUSED_VARIABLE = YES;
				IPHONEOS_DEPLOYMENT_TARGET = 15.0;
				MTL_ENABLE_DEBUG_INFO = INCLUDE_SOURCE;
				MTL_FAST_MATH = YES;
				ONLY_ACTIVE_ARCH = YES;
				SDKROOT = iphoneos;
				SWIFT_ACTIVE_COMPILATION_CONDITIONS = DEBUG;
				SWIFT_OPTIMIZATION_LEVEL = "-Onone";
			};
			name = Debug;
		};
		FAC03F4D274D823C00B7C78E /* Release */ = {
			isa = XCBuildConfiguration;
			buildSettings = {
				ALWAYS_SEARCH_USER_PATHS = NO;
				CLANG_ANALYZER_NONNULL = YES;
				CLANG_ANALYZER_NUMBER_OBJECT_CONVERSION = YES_AGGRESSIVE;
				CLANG_CXX_LANGUAGE_STANDARD = "gnu++17";
				CLANG_CXX_LIBRARY = "libc++";
				CLANG_ENABLE_MODULES = YES;
				CLANG_ENABLE_OBJC_ARC = YES;
				CLANG_ENABLE_OBJC_WEAK = YES;
				CLANG_WARN_BLOCK_CAPTURE_AUTORELEASING = YES;
				CLANG_WARN_BOOL_CONVERSION = YES;
				CLANG_WARN_COMMA = YES;
				CLANG_WARN_CONSTANT_CONVERSION = YES;
				CLANG_WARN_DEPRECATED_OBJC_IMPLEMENTATIONS = YES;
				CLANG_WARN_DIRECT_OBJC_ISA_USAGE = YES_ERROR;
				CLANG_WARN_DOCUMENTATION_COMMENTS = YES;
				CLANG_WARN_EMPTY_BODY = YES;
				CLANG_WARN_ENUM_CONVERSION = YES;
				CLANG_WARN_INFINITE_RECURSION = YES;
				CLANG_WARN_INT_CONVERSION = YES;
				CLANG_WARN_NON_LITERAL_NULL_CONVERSION = YES;
				CLANG_WARN_OBJC_IMPLICIT_RETAIN_SELF = YES;
				CLANG_WARN_OBJC_LITERAL_CONVERSION = YES;
				CLANG_WARN_OBJC_ROOT_CLASS = YES_ERROR;
				CLANG_WARN_QUOTED_INCLUDE_IN_FRAMEWORK_HEADER = YES;
				CLANG_WARN_RANGE_LOOP_ANALYSIS = YES;
				CLANG_WARN_STRICT_PROTOTYPES = YES;
				CLANG_WARN_SUSPICIOUS_MOVE = YES;
				CLANG_WARN_UNGUARDED_AVAILABILITY = YES_AGGRESSIVE;
				CLANG_WARN_UNREACHABLE_CODE = YES;
				CLANG_WARN__DUPLICATE_METHOD_MATCH = YES;
				COPY_PHASE_STRIP = NO;
				DEBUG_INFORMATION_FORMAT = "dwarf-with-dsym";
				ENABLE_NS_ASSERTIONS = NO;
				ENABLE_STRICT_OBJC_MSGSEND = YES;
				GCC_C_LANGUAGE_STANDARD = gnu11;
				GCC_NO_COMMON_BLOCKS = YES;
				GCC_WARN_64_TO_32_BIT_CONVERSION = YES;
				GCC_WARN_ABOUT_RETURN_TYPE = YES_ERROR;
				GCC_WARN_UNDECLARED_SELECTOR = YES;
				GCC_WARN_UNINITIALIZED_AUTOS = YES_AGGRESSIVE;
				GCC_WARN_UNUSED_FUNCTION = YES;
				GCC_WARN_UNUSED_VARIABLE = YES;
				IPHONEOS_DEPLOYMENT_TARGET = 15.0;
				MTL_ENABLE_DEBUG_INFO = NO;
				MTL_FAST_MATH = YES;
				SDKROOT = iphoneos;
				SWIFT_COMPILATION_MODE = wholemodule;
				SWIFT_OPTIMIZATION_LEVEL = "-O";
				VALIDATE_PRODUCT = YES;
			};
			name = Release;
		};
		FAC03F4F274D823C00B7C78E /* Debug */ = {
			isa = XCBuildConfiguration;
			buildSettings = {
				ASSETCATALOG_COMPILER_APPICON_NAME = AppIcon;
				ASSETCATALOG_COMPILER_GLOBAL_ACCENT_COLOR_NAME = AccentColor;
				CODE_SIGN_ENTITLEMENTS = TripCalculator/TripCalculator.entitlements;
				CODE_SIGN_STYLE = Automatic;
				CURRENT_PROJECT_VERSION = 1;
				DEVELOPMENT_ASSET_PATHS = "\"TripCalculator/Preview Content\"";
				DEVELOPMENT_TEAM = FMU733F66G;
				ENABLE_PREVIEWS = YES;
				GENERATE_INFOPLIST_FILE = YES;
				INFOPLIST_FILE = TripCalculator/Info.plist;
				INFOPLIST_KEY_UIApplicationSceneManifest_Generation = YES;
				INFOPLIST_KEY_UIApplicationSupportsIndirectInputEvents = YES;
				INFOPLIST_KEY_UILaunchScreen_Generation = YES;
				INFOPLIST_KEY_UISupportedInterfaceOrientations = UIInterfaceOrientationPortrait;
				INFOPLIST_KEY_UISupportedInterfaceOrientations_iPad = "UIInterfaceOrientationPortrait UIInterfaceOrientationPortraitUpsideDown UIInterfaceOrientationLandscapeLeft UIInterfaceOrientationLandscapeRight";
				INFOPLIST_KEY_UISupportedInterfaceOrientations_iPhone = "UIInterfaceOrientationPortrait UIInterfaceOrientationLandscapeLeft UIInterfaceOrientationLandscapeRight";
				INFOPLIST_KEY_UIUserInterfaceStyle = Light;
				LD_RUNPATH_SEARCH_PATHS = (
					"$(inherited)",
					"@executable_path/Frameworks",
				);
				MARKETING_VERSION = 1.0;
				PRODUCT_BUNDLE_IDENTIFIER = com.alexThompson.TripCalculator;
				PRODUCT_NAME = "$(TARGET_NAME)";
				SWIFT_EMIT_LOC_STRINGS = YES;
				SWIFT_VERSION = 5.0;
				TARGETED_DEVICE_FAMILY = 1;
			};
			name = Debug;
		};
		FAC03F50274D823C00B7C78E /* Release */ = {
			isa = XCBuildConfiguration;
			buildSettings = {
				ASSETCATALOG_COMPILER_APPICON_NAME = AppIcon;
				ASSETCATALOG_COMPILER_GLOBAL_ACCENT_COLOR_NAME = AccentColor;
				CODE_SIGN_ENTITLEMENTS = TripCalculator/TripCalculator.entitlements;
				CODE_SIGN_STYLE = Automatic;
				CURRENT_PROJECT_VERSION = 1;
				DEVELOPMENT_ASSET_PATHS = "\"TripCalculator/Preview Content\"";
				DEVELOPMENT_TEAM = FMU733F66G;
				ENABLE_PREVIEWS = YES;
				GENERATE_INFOPLIST_FILE = YES;
				INFOPLIST_FILE = TripCalculator/Info.plist;
				INFOPLIST_KEY_UIApplicationSceneManifest_Generation = YES;
				INFOPLIST_KEY_UIApplicationSupportsIndirectInputEvents = YES;
				INFOPLIST_KEY_UILaunchScreen_Generation = YES;
				INFOPLIST_KEY_UISupportedInterfaceOrientations = UIInterfaceOrientationPortrait;
				INFOPLIST_KEY_UISupportedInterfaceOrientations_iPad = "UIInterfaceOrientationPortrait UIInterfaceOrientationPortraitUpsideDown UIInterfaceOrientationLandscapeLeft UIInterfaceOrientationLandscapeRight";
				INFOPLIST_KEY_UISupportedInterfaceOrientations_iPhone = "UIInterfaceOrientationPortrait UIInterfaceOrientationLandscapeLeft UIInterfaceOrientationLandscapeRight";
				INFOPLIST_KEY_UIUserInterfaceStyle = Light;
				LD_RUNPATH_SEARCH_PATHS = (
					"$(inherited)",
					"@executable_path/Frameworks",
				);
				MARKETING_VERSION = 1.0;
				PRODUCT_BUNDLE_IDENTIFIER = com.alexThompson.TripCalculator;
				PRODUCT_NAME = "$(TARGET_NAME)";
				SWIFT_EMIT_LOC_STRINGS = YES;
				SWIFT_VERSION = 5.0;
				TARGETED_DEVICE_FAMILY = 1;
			};
			name = Release;
		};
/* End XCBuildConfiguration section */

/* Begin XCConfigurationList section */
		FAC03F3B274D823B00B7C78E /* Build configuration list for PBXProject "TripCalculator" */ = {
			isa = XCConfigurationList;
			buildConfigurations = (
				FAC03F4C274D823C00B7C78E /* Debug */,
				FAC03F4D274D823C00B7C78E /* Release */,
			);
			defaultConfigurationIsVisible = 0;
			defaultConfigurationName = Release;
		};
		FAC03F4E274D823C00B7C78E /* Build configuration list for PBXNativeTarget "TripCalculator" */ = {
			isa = XCConfigurationList;
			buildConfigurations = (
				FAC03F4F274D823C00B7C78E /* Debug */,
				FAC03F50274D823C00B7C78E /* Release */,
			);
			defaultConfigurationIsVisible = 0;
			defaultConfigurationName = Release;
		};
/* End XCConfigurationList section */

/* Begin XCRemoteSwiftPackageReference section */
		D5F67D592795CD72004BEF9C /* XCRemoteSwiftPackageReference "firebase-ios-sdk" */ = {
			isa = XCRemoteSwiftPackageReference;
			repositoryURL = "https://github.com/firebase/firebase-ios-sdk";
			requirement = {
				kind = upToNextMajorVersion;
				minimumVersion = 8.0.0;
			};
		};
/* End XCRemoteSwiftPackageReference section */

/* Begin XCSwiftPackageProductDependency section */
		D5F67D5A2795CD72004BEF9C /* FirebaseAnalytics */ = {
			isa = XCSwiftPackageProductDependency;
			package = D5F67D592795CD72004BEF9C /* XCRemoteSwiftPackageReference "firebase-ios-sdk" */;
			productName = FirebaseAnalytics;
		};
		D5F67D5C2795CD72004BEF9C /* FirebaseAnalyticsSwift-Beta */ = {
			isa = XCSwiftPackageProductDependency;
			package = D5F67D592795CD72004BEF9C /* XCRemoteSwiftPackageReference "firebase-ios-sdk" */;
			productName = "FirebaseAnalyticsSwift-Beta";
		};
		D5F67D5E2795CD72004BEF9C /* FirebaseAuth */ = {
			isa = XCSwiftPackageProductDependency;
			package = D5F67D592795CD72004BEF9C /* XCRemoteSwiftPackageReference "firebase-ios-sdk" */;
			productName = FirebaseAuth;
		};
		D5F67D602795CD72004BEF9C /* FirebaseAuthCombine-Community */ = {
			isa = XCSwiftPackageProductDependency;
			package = D5F67D592795CD72004BEF9C /* XCRemoteSwiftPackageReference "firebase-ios-sdk" */;
			productName = "FirebaseAuthCombine-Community";
		};
		D5F67D622795CD72004BEF9C /* FirebaseDatabase */ = {
			isa = XCSwiftPackageProductDependency;
			package = D5F67D592795CD72004BEF9C /* XCRemoteSwiftPackageReference "firebase-ios-sdk" */;
			productName = FirebaseDatabase;
		};
		D5F67D642795CD72004BEF9C /* FirebaseDatabaseSwift-Beta */ = {
			isa = XCSwiftPackageProductDependency;
			package = D5F67D592795CD72004BEF9C /* XCRemoteSwiftPackageReference "firebase-ios-sdk" */;
			productName = "FirebaseDatabaseSwift-Beta";
		};
		D5F67D662795CD72004BEF9C /* FirebaseDynamicLinks */ = {
			isa = XCSwiftPackageProductDependency;
			package = D5F67D592795CD72004BEF9C /* XCRemoteSwiftPackageReference "firebase-ios-sdk" */;
			productName = FirebaseDynamicLinks;
		};
		D5F67D682795CD72004BEF9C /* FirebaseFirestore */ = {
			isa = XCSwiftPackageProductDependency;
			package = D5F67D592795CD72004BEF9C /* XCRemoteSwiftPackageReference "firebase-ios-sdk" */;
			productName = FirebaseFirestore;
		};
		D5F67D6A2795CD72004BEF9C /* FirebaseFirestoreCombine-Community */ = {
			isa = XCSwiftPackageProductDependency;
			package = D5F67D592795CD72004BEF9C /* XCRemoteSwiftPackageReference "firebase-ios-sdk" */;
			productName = "FirebaseFirestoreCombine-Community";
		};
		D5F67D6C2795CD72004BEF9C /* FirebaseFirestoreSwift-Beta */ = {
			isa = XCSwiftPackageProductDependency;
			package = D5F67D592795CD72004BEF9C /* XCRemoteSwiftPackageReference "firebase-ios-sdk" */;
			productName = "FirebaseFirestoreSwift-Beta";
		};
		D5F67D6E2795CD72004BEF9C /* FirebaseStorage */ = {
			isa = XCSwiftPackageProductDependency;
			package = D5F67D592795CD72004BEF9C /* XCRemoteSwiftPackageReference "firebase-ios-sdk" */;
			productName = FirebaseStorage;
		};
		D5F67D702795CD72004BEF9C /* FirebaseStorageCombine-Community */ = {
			isa = XCSwiftPackageProductDependency;
			package = D5F67D592795CD72004BEF9C /* XCRemoteSwiftPackageReference "firebase-ios-sdk" */;
			productName = "FirebaseStorageCombine-Community";
		};
		D5F67D722795CD72004BEF9C /* FirebaseStorageSwift-Beta */ = {
			isa = XCSwiftPackageProductDependency;
			package = D5F67D592795CD72004BEF9C /* XCRemoteSwiftPackageReference "firebase-ios-sdk" */;
			productName = "FirebaseStorageSwift-Beta";
		};
/* End XCSwiftPackageProductDependency section */
	};
	rootObject = FAC03F38274D823B00B7C78E /* Project object */;
}
